
Microsoft Visual Studio Solution File, Format Version 12.00
# Visual Studio Version 16
VisualStudioVersion = 16.0.810.8
MinimumVisualStudioVersion = 10.0.40219.1
Project("{FAE04EC0-301F-11D3-BF4B-00C04F79EFBC}") = "HelloWorld", "HelloWorld.csproj", "{F294047A-BA3F-40F5-A533-BE1D6D5AEA7D}"
EndProject
Global
	GlobalSection(SolutionConfigurationPlatforms) = preSolution
		Debug|Any CPU = Debug|Any CPU
		Release|Any CPU = Release|Any CPU
	EndGlobalSection
	GlobalSection(ProjectConfigurationPlatforms) = postSolution
		{F294047A-BA3F-40F5-A533-BE1D6D5AEA7D}.Debug|Any CPU.ActiveCfg = Debug|Any CPU
		{F294047A-BA3F-40F5-A533-BE1D6D5AEA7D}.Debug|Any CPU.Build.0 = Debug|Any CPU
		{F294047A-BA3F-40F5-A533-BE1D6D5AEA7D}.Release|Any CPU.ActiveCfg = Release|Any CPU
		{F294047A-BA3F-40F5-A533-BE1D6D5AEA7D}.Release|Any CPU.Build.0 = Release|Any CPU
	EndGlobalSection
	GlobalSection(SolutionProperties) = preSolution
		HideSolutionNode = FALSE
	EndGlobalSection
	GlobalSection(ExtensibilityGlobals) = postSolution
		SolutionGuid = {97E0A363-DAB0-44D3-890A-218AB4AE4A6C}
	EndGlobalSection
EndGlobal
